
Microsoft Visual Studio Solution File, Format Version 12.00
# Visual Studio 15
VisualStudioVersion = 15.0.27130.2036
MinimumVisualStudioVersion = 10.0.40219.1
Project("{888888A0-9F3D-457C-B088-3A5042F75D52}") = "rodao", "rodao.pyproj", "{61D6BC50-13E9-484A-ABB0-2766BD74F1F6}"
EndProject
Global
	GlobalSection(SolutionConfigurationPlatforms) = preSolution
		Debug|Any CPU = Debug|Any CPU
		Release|Any CPU = Release|Any CPU
	EndGlobalSection
	GlobalSection(ProjectConfigurationPlatforms) = postSolution
		{61D6BC50-13E9-484A-ABB0-2766BD74F1F6}.Debug|Any CPU.ActiveCfg = Debug|Any CPU
		{61D6BC50-13E9-484A-ABB0-2766BD74F1F6}.Debug|Any CPU.Build.0 = Debug|Any CPU
		{61D6BC50-13E9-484A-ABB0-2766BD74F1F6}.Release|Any CPU.ActiveCfg = Release|Any CPU
		{61D6BC50-13E9-484A-ABB0-2766BD74F1F6}.Release|Any CPU.Build.0 = Release|Any CPU
	EndGlobalSection
	GlobalSection(SolutionProperties) = preSolution
		HideSolutionNode = FALSE
	EndGlobalSection
	GlobalSection(ExtensibilityGlobals) = postSolution
		SolutionGuid = {41DE32BD-461F-410B-AE65-09ACE57E40C1}
	EndGlobalSection
EndGlobal
